
Microsoft Visual Studio Solution File, Format Version 12.00
# Visual Studio 15
VisualStudioVersion = 15.0.28010.2050
MinimumVisualStudioVersion = 10.0.40219.1
Project("{FAE04EC0-301F-11D3-BF4B-00C04F79EFBC}") = "Classtest", "Classtest\Classtest.csproj", "{786AACF9-2A7B-44AF-81F5-D7EAABF013C9}"
EndProject
Global
	GlobalSection(SolutionConfigurationPlatforms) = preSolution
		Debug|Any CPU = Debug|Any CPU
		Release|Any CPU = Release|Any CPU
	EndGlobalSection
	GlobalSection(ProjectConfigurationPlatforms) = postSolution
		{786AACF9-2A7B-44AF-81F5-D7EAABF013C9}.Debug|Any CPU.ActiveCfg = Debug|Any CPU
		{786AACF9-2A7B-44AF-81F5-D7EAABF013C9}.Debug|Any CPU.Build.0 = Debug|Any CPU
		{786AACF9-2A7B-44AF-81F5-D7EAABF013C9}.Release|Any CPU.ActiveCfg = Release|Any CPU
		{786AACF9-2A7B-44AF-81F5-D7EAABF013C9}.Release|Any CPU.Build.0 = Release|Any CPU
	EndGlobalSection
	GlobalSection(SolutionProperties) = preSolution
		HideSolutionNode = FALSE
	EndGlobalSection
	GlobalSection(ExtensibilityGlobals) = postSolution
		SolutionGuid = {DF44FA50-170F-4220-931A-FF6FC04B7E29}
	EndGlobalSection
EndGlobal
