
Microsoft Visual Studio Solution File, Format Version 12.00
# Visual Studio 15
VisualStudioVersion = 15.0.28010.2050
MinimumVisualStudioVersion = 10.0.40219.1
Project("{FAE04EC0-301F-11D3-BF4B-00C04F79EFBC}") = "Parameter Contructor in Inheritance", "Parameter Contructor in Inheritance\Parameter Contructor in Inheritance.csproj", "{3CD2DBC6-682A-4D5F-8551-5B6756909A44}"
EndProject
Global
	GlobalSection(SolutionConfigurationPlatforms) = preSolution
		Debug|Any CPU = Debug|Any CPU
		Release|Any CPU = Release|Any CPU
	EndGlobalSection
	GlobalSection(ProjectConfigurationPlatforms) = postSolution
		{3CD2DBC6-682A-4D5F-8551-5B6756909A44}.Debug|Any CPU.ActiveCfg = Debug|Any CPU
		{3CD2DBC6-682A-4D5F-8551-5B6756909A44}.Debug|Any CPU.Build.0 = Debug|Any CPU
		{3CD2DBC6-682A-4D5F-8551-5B6756909A44}.Release|Any CPU.ActiveCfg = Release|Any CPU
		{3CD2DBC6-682A-4D5F-8551-5B6756909A44}.Release|Any CPU.Build.0 = Release|Any CPU
	EndGlobalSection
	GlobalSection(SolutionProperties) = preSolution
		HideSolutionNode = FALSE
	EndGlobalSection
	GlobalSection(ExtensibilityGlobals) = postSolution
		SolutionGuid = {8B3CD4EA-9B8F-46AB-B433-2FB2B6E89ADB}
	EndGlobalSection
EndGlobal
