
Microsoft Visual Studio Solution File, Format Version 12.00
# Visual Studio 15
VisualStudioVersion = 15.0.28010.2050
MinimumVisualStudioVersion = 10.0.40219.1
Project("{FAE04EC0-301F-11D3-BF4B-00C04F79EFBC}") = "Loosly Couple Code", "Loosly Couple Code\Loosly Couple Code.csproj", "{A72FEC0A-CD30-4C82-AAF0-6084E9878457}"
EndProject
Global
	GlobalSection(SolutionConfigurationPlatforms) = preSolution
		Debug|Any CPU = Debug|Any CPU
		Release|Any CPU = Release|Any CPU
	EndGlobalSection
	GlobalSection(ProjectConfigurationPlatforms) = postSolution
		{A72FEC0A-CD30-4C82-AAF0-6084E9878457}.Debug|Any CPU.ActiveCfg = Debug|Any CPU
		{A72FEC0A-CD30-4C82-AAF0-6084E9878457}.Debug|Any CPU.Build.0 = Debug|Any CPU
		{A72FEC0A-CD30-4C82-AAF0-6084E9878457}.Release|Any CPU.ActiveCfg = Release|Any CPU
		{A72FEC0A-CD30-4C82-AAF0-6084E9878457}.Release|Any CPU.Build.0 = Release|Any CPU
	EndGlobalSection
	GlobalSection(SolutionProperties) = preSolution
		HideSolutionNode = FALSE
	EndGlobalSection
	GlobalSection(ExtensibilityGlobals) = postSolution
		SolutionGuid = {2329AAB6-8C06-47F0-9A6D-AAEA430B33F6}
	EndGlobalSection
EndGlobal
